
Microsoft Visual Studio Solution File, Format Version 12.00
# Visual Studio Version 17
VisualStudioVersion = 17.5.33414.496
MinimumVisualStudioVersion = 10.0.40219.1
Project("{FAE04EC0-301F-11D3-BF4B-00C04F79EFBC}") = "HobbyApp", "HobbyApp.csproj", "{8A40DFA6-C39E-4AFA-AE7C-13515775F0A8}"
EndProject
Global
	GlobalSection(SolutionConfigurationPlatforms) = preSolution
		Debug|Any CPU = Debug|Any CPU
		Release|Any CPU = Release|Any CPU
	EndGlobalSection
	GlobalSection(ProjectConfigurationPlatforms) = postSolution
		{8A40DFA6-C39E-4AFA-AE7C-13515775F0A8}.Debug|Any CPU.ActiveCfg = Debug|Any CPU
		{8A40DFA6-C39E-4AFA-AE7C-13515775F0A8}.Debug|Any CPU.Build.0 = Debug|Any CPU
		{8A40DFA6-C39E-4AFA-AE7C-13515775F0A8}.Release|Any CPU.ActiveCfg = Release|Any CPU
		{8A40DFA6-C39E-4AFA-AE7C-13515775F0A8}.Release|Any CPU.Build.0 = Release|Any CPU
	EndGlobalSection
	GlobalSection(SolutionProperties) = preSolution
		HideSolutionNode = FALSE
	EndGlobalSection
	GlobalSection(ExtensibilityGlobals) = postSolution
		SolutionGuid = {6C1AA7BD-31B0-4D97-9D32-D8563CDCFA5C}
	EndGlobalSection
EndGlobal
